
Microsoft Visual Studio Solution File, Format Version 12.00
# Visual Studio Version 17
VisualStudioVersion = 17.13.35825.156 d17.13
MinimumVisualStudioVersion = 10.0.40219.1
Project("{FAE04EC0-301F-11D3-BF4B-00C04F79EFBC}") = "StructsAndClasses", "StructsAndClasses\StructsAndClasses.csproj", "{7E34F613-2DEF-42FC-B0A2-47289DD7D1FF}"
EndProject
Project("{FAE04EC0-301F-11D3-BF4B-00C04F79EFBC}") = "Nullables", "Nullables\Nullables.csproj", "{49DBAF8C-D3D1-45B5-9F69-6BB97C5C0AC5}"
EndProject
Project("{FAE04EC0-301F-11D3-BF4B-00C04F79EFBC}") = "Tuples", "Tuples\Tuples.csproj", "{43A93A91-9945-4A78-95B4-B55FAA778FCC}"
EndProject
Project("{FAE04EC0-301F-11D3-BF4B-00C04F79EFBC}") = "ExtensionMethods", "ExtensionMethods\ExtensionMethods.csproj", "{C68D9F7D-84FE-40AC-B307-57E82FEB850E}"
EndProject
Global
	GlobalSection(SolutionConfigurationPlatforms) = preSolution
		Debug|Any CPU = Debug|Any CPU
		Release|Any CPU = Release|Any CPU
	EndGlobalSection
	GlobalSection(ProjectConfigurationPlatforms) = postSolution
		{7E34F613-2DEF-42FC-B0A2-47289DD7D1FF}.Debug|Any CPU.ActiveCfg = Debug|Any CPU
		{7E34F613-2DEF-42FC-B0A2-47289DD7D1FF}.Debug|Any CPU.Build.0 = Debug|Any CPU
		{7E34F613-2DEF-42FC-B0A2-47289DD7D1FF}.Release|Any CPU.ActiveCfg = Release|Any CPU
		{7E34F613-2DEF-42FC-B0A2-47289DD7D1FF}.Release|Any CPU.Build.0 = Release|Any CPU
		{49DBAF8C-D3D1-45B5-9F69-6BB97C5C0AC5}.Debug|Any CPU.ActiveCfg = Debug|Any CPU
		{49DBAF8C-D3D1-45B5-9F69-6BB97C5C0AC5}.Debug|Any CPU.Build.0 = Debug|Any CPU
		{49DBAF8C-D3D1-45B5-9F69-6BB97C5C0AC5}.Release|Any CPU.ActiveCfg = Release|Any CPU
		{49DBAF8C-D3D1-45B5-9F69-6BB97C5C0AC5}.Release|Any CPU.Build.0 = Release|Any CPU
		{43A93A91-9945-4A78-95B4-B55FAA778FCC}.Debug|Any CPU.ActiveCfg = Debug|Any CPU
		{43A93A91-9945-4A78-95B4-B55FAA778FCC}.Debug|Any CPU.Build.0 = Debug|Any CPU
		{43A93A91-9945-4A78-95B4-B55FAA778FCC}.Release|Any CPU.ActiveCfg = Release|Any CPU
		{43A93A91-9945-4A78-95B4-B55FAA778FCC}.Release|Any CPU.Build.0 = Release|Any CPU
		{C68D9F7D-84FE-40AC-B307-57E82FEB850E}.Debug|Any CPU.ActiveCfg = Debug|Any CPU
		{C68D9F7D-84FE-40AC-B307-57E82FEB850E}.Debug|Any CPU.Build.0 = Debug|Any CPU
		{C68D9F7D-84FE-40AC-B307-57E82FEB850E}.Release|Any CPU.ActiveCfg = Release|Any CPU
		{C68D9F7D-84FE-40AC-B307-57E82FEB850E}.Release|Any CPU.Build.0 = Release|Any CPU
	EndGlobalSection
	GlobalSection(SolutionProperties) = preSolution
		HideSolutionNode = FALSE
	EndGlobalSection
	GlobalSection(ExtensibilityGlobals) = postSolution
		SolutionGuid = {2F450085-9E47-4FB4-BAB0-C8FEAA6318D3}
	EndGlobalSection
EndGlobal
